
Microsoft Visual Studio Solution File, Format Version 12.00
# Visual Studio 14
VisualStudioVersion = 14.0.22823.1
MinimumVisualStudioVersion = 10.0.40219.1
Project("{FAE04EC0-301F-11D3-BF4B-00C04F79EFBC}") = "DragEncrypt", "DragEncrypt\DragEncrypt.csproj", "{4647A7F0-1600-44C1-8D58-93C360E6F79B}"
EndProject
Project("{FAE04EC0-301F-11D3-BF4B-00C04F79EFBC}") = "DragEncrypt.Tests", "DragEncrypt.Tests\DragEncrypt.Tests.csproj", "{5B07FF7C-50DA-4E53-B484-E217165A0180}"
	ProjectSection(ProjectDependencies) = postProject
		{4647A7F0-1600-44C1-8D58-93C360E6F79B} = {4647A7F0-1600-44C1-8D58-93C360E6F79B}
	EndProjectSection
EndProject
Global
	GlobalSection(SolutionConfigurationPlatforms) = preSolution
		Debug|Any CPU = Debug|Any CPU
		Release|Any CPU = Release|Any CPU
	EndGlobalSection
	GlobalSection(ProjectConfigurationPlatforms) = postSolution
		{4647A7F0-1600-44C1-8D58-93C360E6F79B}.Debug|Any CPU.ActiveCfg = Debug|Any CPU
		{4647A7F0-1600-44C1-8D58-93C360E6F79B}.Debug|Any CPU.Build.0 = Debug|Any CPU
		{4647A7F0-1600-44C1-8D58-93C360E6F79B}.Release|Any CPU.ActiveCfg = Release|Any CPU
		{4647A7F0-1600-44C1-8D58-93C360E6F79B}.Release|Any CPU.Build.0 = Release|Any CPU
		{5B07FF7C-50DA-4E53-B484-E217165A0180}.Debug|Any CPU.ActiveCfg = Debug|Any CPU
		{5B07FF7C-50DA-4E53-B484-E217165A0180}.Debug|Any CPU.Build.0 = Debug|Any CPU
		{5B07FF7C-50DA-4E53-B484-E217165A0180}.Release|Any CPU.ActiveCfg = Release|Any CPU
		{5B07FF7C-50DA-4E53-B484-E217165A0180}.Release|Any CPU.Build.0 = Release|Any CPU
	EndGlobalSection
	GlobalSection(SolutionProperties) = preSolution
		HideSolutionNode = FALSE
	EndGlobalSection
EndGlobal
