
Microsoft Visual Studio Solution File, Format Version 12.00
# Visual Studio 2013
VisualStudioVersion = 12.0.31101.0
MinimumVisualStudioVersion = 10.0.40219.1
Project("{FAE04EC0-301F-11D3-BF4B-00C04F79EFBC}") = "TinehEncrypt", "TinehEncryption\TinehEncrypt.csproj", "{4647A7F0-1600-44C1-8D58-93C360E6F79B}"
EndProject
Global
	GlobalSection(SolutionConfigurationPlatforms) = preSolution
		Debug|Any CPU = Debug|Any CPU
		Release|Any CPU = Release|Any CPU
	EndGlobalSection
	GlobalSection(ProjectConfigurationPlatforms) = postSolution
		{4647A7F0-1600-44C1-8D58-93C360E6F79B}.Debug|Any CPU.ActiveCfg = Debug|Any CPU
		{4647A7F0-1600-44C1-8D58-93C360E6F79B}.Debug|Any CPU.Build.0 = Debug|Any CPU
		{4647A7F0-1600-44C1-8D58-93C360E6F79B}.Release|Any CPU.ActiveCfg = Release|Any CPU
		{4647A7F0-1600-44C1-8D58-93C360E6F79B}.Release|Any CPU.Build.0 = Release|Any CPU
	EndGlobalSection
	GlobalSection(SolutionProperties) = preSolution
		HideSolutionNode = FALSE
	EndGlobalSection
EndGlobal
